
Microsoft Visual Studio Solution File, Format Version 12.00
# Visual Studio 2013
VisualStudioVersion = 12.0.31101.0
MinimumVisualStudioVersion = 10.0.40219.1
Project("{FAE04EC0-301F-11D3-BF4B-00C04F79EFBC}") = "Soma_MaiorMenor", "Soma_MaiorMenor\Soma_MaiorMenor.csproj", "{66D32F94-96DF-44E1-B959-77C93566D4AB}"
EndProject
Global
	GlobalSection(SolutionConfigurationPlatforms) = preSolution
		Debug|Any CPU = Debug|Any CPU
		Release|Any CPU = Release|Any CPU
	EndGlobalSection
	GlobalSection(ProjectConfigurationPlatforms) = postSolution
		{66D32F94-96DF-44E1-B959-77C93566D4AB}.Debug|Any CPU.ActiveCfg = Debug|Any CPU
		{66D32F94-96DF-44E1-B959-77C93566D4AB}.Debug|Any CPU.Build.0 = Debug|Any CPU
		{66D32F94-96DF-44E1-B959-77C93566D4AB}.Release|Any CPU.ActiveCfg = Release|Any CPU
		{66D32F94-96DF-44E1-B959-77C93566D4AB}.Release|Any CPU.Build.0 = Release|Any CPU
	EndGlobalSection
	GlobalSection(SolutionProperties) = preSolution
		HideSolutionNode = FALSE
	EndGlobalSection
EndGlobal
